
Microsoft Visual Studio Solution File, Format Version 12.00
# Visual Studio Version 17
VisualStudioVersion = 17.11.35222.181
MinimumVisualStudioVersion = 10.0.40219.1
Project("{9A19103F-16F7-4668-BE54-9A1E7A4F7556}") = "ICT3101_Calculator", "ICT3101_Calculator\ICT3101_Calculator.csproj", "{1A859F99-C3B9-4CB7-96CD-66F999E20B8F}"
EndProject
Project("{9A19103F-16F7-4668-BE54-9A1E7A4F7556}") = "ICT3101_Calculator.UnitTests", "ICT3101_Calculator.UnitTests\ICT3101_Calculator.UnitTests.csproj", "{7E88FBA8-5ACB-4F27-94D0-EF19F01ECCF3}"
EndProject
Project("{9A19103F-16F7-4668-BE54-9A1E7A4F7556}") = "SpecFlowProject1", "SpecFlowProject1\SpecFlowProject1.csproj", "{EB27F9DF-AA98-4BFE-9C2A-74298A8DC96E}"
EndProject
Project("{2150E333-8FDC-42A3-9474-1A3956D46DE8}") = "Solution_Items", "Solution_Items", "{096FA160-4395-47FB-8A61-19BFD7C30F76}"
	ProjectSection(SolutionItems) = preProject
		dotnet-desktop.yml = dotnet-desktop.yml
		TextFile1.txt = TextFile1.txt
	EndProjectSection
EndProject
Global
	GlobalSection(SolutionConfigurationPlatforms) = preSolution
		Debug|Any CPU = Debug|Any CPU
		Release|Any CPU = Release|Any CPU
	EndGlobalSection
	GlobalSection(ProjectConfigurationPlatforms) = postSolution
		{1A859F99-C3B9-4CB7-96CD-66F999E20B8F}.Debug|Any CPU.ActiveCfg = Debug|Any CPU
		{1A859F99-C3B9-4CB7-96CD-66F999E20B8F}.Debug|Any CPU.Build.0 = Debug|Any CPU
		{1A859F99-C3B9-4CB7-96CD-66F999E20B8F}.Release|Any CPU.ActiveCfg = Release|Any CPU
		{1A859F99-C3B9-4CB7-96CD-66F999E20B8F}.Release|Any CPU.Build.0 = Release|Any CPU
		{7E88FBA8-5ACB-4F27-94D0-EF19F01ECCF3}.Debug|Any CPU.ActiveCfg = Debug|Any CPU
		{7E88FBA8-5ACB-4F27-94D0-EF19F01ECCF3}.Debug|Any CPU.Build.0 = Debug|Any CPU
		{7E88FBA8-5ACB-4F27-94D0-EF19F01ECCF3}.Release|Any CPU.ActiveCfg = Release|Any CPU
		{7E88FBA8-5ACB-4F27-94D0-EF19F01ECCF3}.Release|Any CPU.Build.0 = Release|Any CPU
		{EB27F9DF-AA98-4BFE-9C2A-74298A8DC96E}.Debug|Any CPU.ActiveCfg = Debug|Any CPU
		{EB27F9DF-AA98-4BFE-9C2A-74298A8DC96E}.Debug|Any CPU.Build.0 = Debug|Any CPU
		{EB27F9DF-AA98-4BFE-9C2A-74298A8DC96E}.Release|Any CPU.ActiveCfg = Release|Any CPU
		{EB27F9DF-AA98-4BFE-9C2A-74298A8DC96E}.Release|Any CPU.Build.0 = Release|Any CPU
	EndGlobalSection
	GlobalSection(SolutionProperties) = preSolution
		HideSolutionNode = FALSE
	EndGlobalSection
	GlobalSection(ExtensibilityGlobals) = postSolution
		SolutionGuid = {E307A903-7026-4772-A6AF-9175C76BC853}
	EndGlobalSection
EndGlobal
